<?xml version="1.0" encoding="utf-8"?>
<Project ToolsVersion="4.0" xmlns="http://schemas.microsoft.com/developer/msbuild/2003">
  <ItemGroup>
    <Filter Include="Source Files">
      <UniqueIdentifier>{4FC737F1-C7A5-4376-A066-2A32D752A2FF}</UniqueIdentifier>
      <Extensions>cpp;c;cc;cxx;def;odl;idl;hpj;bat;asm;asmx</Extensions>
    </Filter>
    <Filter Include="Header Files">
      <UniqueIdentifier>{93995380-89BD-4b04-88EB-625FBE52EBFB}</UniqueIdentifier>
      <Extensions>h;hpp;hxx;hm;inl;inc;xsd</Extensions>
    </Filter>
    <Filter Include="Resource Files">
      <UniqueIdentifier>{67DA6AB6-F800-4c08-8B7A-83BB121AAD01}</UniqueIdentifier>
      <Extensions>rc;ico;cur;bmp;dlg;rc2;rct;bin;rgs;gif;jpg;jpeg;jpe;resx;tiff;tif;png;wav;mfcribbon-ms</Extensions>
    </Filter>
    <Filter Include="Source Files\Game">
      <UniqueIdentifier>{65c245a7-8829-494c-ba18-2ebb204bf9d3}</UniqueIdentifier>
    </Filter>
    <Filter Include="Source Files\Game\Input">
      <UniqueIdentifier>{9fd1a469-2f54-4413-8aca-a86a0cd3bc76}</UniqueIdentifier>
    </Filter>
    <Filter Include="Source Files\Game\Actors">
      <UniqueIdentifier>{2d4bff20-69e6-47b0-9b44-820b3d7fdcf4}</UniqueIdentifier>
    </Filter>
    <Filter Include="Source Files\Game\State">
      <UniqueIdentifier>{7e12767d-ec5f-4067-aa80-331aeb298889}</UniqueIdentifier>
    </Filter>
    <Filter Include="Source Files\Game\HUD">
      <UniqueIdentifier>{8d57eb3b-d474-4aa2-b1dd-7516f335018e}</UniqueIdentifier>
    </Filter>
  </ItemGroup>
  <ItemGroup>
    <ClCompile Include="Source\Game\Game.cpp">
      <Filter>Source Files\Game</Filter>
    </ClCompile>
    <ClCompile Include="Source\Main.cpp">
      <Filter>Source Files</Filter>
    </ClCompile>
    <ClCompile Include="Source\Game\Input\PlayerInput.cpp">
      <Filter>Source Files\Game\Input</Filter>
    </ClCompile>
    <ClCompile Include="Source\Game\Actors\Player.cpp">
      <Filter>Source Files\Game\Actors</Filter>
    </ClCompile>
    <ClCompile Include="Source\Game\State\GameState.cpp">
      <Filter>Source Files\Game\State</Filter>
    </ClCompile>
    <ClCompile Include="Source\Game\HUD\GameMenu.cpp">
      <Filter>Source Files\Game\HUD</Filter>
    </ClCompile>
    <ClCompile Include="Source\Game\Input\GameInput.cpp">
      <Filter>Source Files\Game\Input</Filter>
    </ClCompile>
  </ItemGroup>
  <ItemGroup>
    <ClInclude Include="Source\Game\Game.h">
      <Filter>Source Files\Game</Filter>
    </ClInclude>
    <ClInclude Include="Source\Game\Input\PlayerInput.h">
      <Filter>Source Files\Game\Input</Filter>
    </ClInclude>
    <ClInclude Include="Source\Game\Actors\Player.h">
      <Filter>Source Files\Game\Actors</Filter>
    </ClInclude>
    <ClInclude Include="Source\Game\State\GameState.h">
      <Filter>Source Files\Game\State</Filter>
    </ClInclude>
    <ClInclude Include="Source\Game\HUD\GameMenu.h">
      <Filter>Source Files\Game\HUD</Filter>
    </ClInclude>
    <ClInclude Include="Source\Game\Input\GameInput.h">
      <Filter>Source Files\Game\Input</Filter>
    </ClInclude>
  </ItemGroup>
</Project>