<?xml version="1.0" encoding="utf-8"?>
<Project ToolsVersion="14.0" xmlns="http://schemas.microsoft.com/developer/msbuild/2003">
  <ItemGroup>
    <Filter Include="Source">
      <UniqueIdentifier>{4FC737F1-C7A5-4376-A066-2A32D752A2FF}</UniqueIdentifier>
      <Extensions>cpp;c;cc;cxx;def;odl;idl;hpj;bat;asm;asmx</Extensions>
    </Filter>
    <Filter Include="Source\Kinect">
      <UniqueIdentifier>{6877b21f-8505-4b00-b33c-d9137ad6d631}</UniqueIdentifier>
    </Filter>
    <Filter Include="Source\Kinect\Smoothing">
      <UniqueIdentifier>{81aa03f1-9bda-47e9-8512-897c4d20a31f}</UniqueIdentifier>
    </Filter>
    <Filter Include="Source\Kinect\Depth">
      <UniqueIdentifier>{c500cbd4-2529-420e-8554-af8cd4d7c129}</UniqueIdentifier>
    </Filter>
    <Filter Include="Source\SkeletalSystem">
      <UniqueIdentifier>{fce5f147-9200-4088-863a-16ff15e28cab}</UniqueIdentifier>
    </Filter>
    <Filter Include="Source\SkeletalSystem\Transform">
      <UniqueIdentifier>{791e0562-474e-48c1-b5e9-3cf328c0be92}</UniqueIdentifier>
    </Filter>
    <Filter Include="Source\Physics">
      <UniqueIdentifier>{6c3d60a3-ad03-4c62-92a3-cf0faad6e18c}</UniqueIdentifier>
    </Filter>
    <Filter Include="Source\Game">
      <UniqueIdentifier>{65c245a7-8829-494c-ba18-2ebb204bf9d3}</UniqueIdentifier>
    </Filter>
    <Filter Include="Source\Game\Input">
      <UniqueIdentifier>{9fd1a469-2f54-4413-8aca-a86a0cd3bc76}</UniqueIdentifier>
    </Filter>
    <Filter Include="Source\PCH">
      <UniqueIdentifier>{043c9f80-6277-442d-bc84-79d8d4d5dac9}</UniqueIdentifier>
    </Filter>
    <Filter Include="Source\Editor">
      <UniqueIdentifier>{f5a1ca41-7969-403a-a549-196a610b72e0}</UniqueIdentifier>
    </Filter>
    <Filter Include="Source\Editor\Windows">
      <UniqueIdentifier>{baeeed2f-0d40-4a8a-b601-480d5a3c6db6}</UniqueIdentifier>
    </Filter>
    <Filter Include="Source\Editor\Windows\General">
      <UniqueIdentifier>{a5b3f224-5c84-45aa-8b50-8368b078c4bb}</UniqueIdentifier>
    </Filter>
    <Filter Include="Source\Editor\Windows\Interface">
      <UniqueIdentifier>{f6154a05-2943-402d-9811-5b156b658a4e}</UniqueIdentifier>
    </Filter>
    <Filter Include="Source\Editor\Windows\OpenGL">
      <UniqueIdentifier>{7c1f593b-acf9-4336-a166-82d17c3e5fc0}</UniqueIdentifier>
    </Filter>
    <Filter Include="Source\Editor\App">
      <UniqueIdentifier>{4524f18e-7cd9-4278-ae2b-11f979a4b098}</UniqueIdentifier>
    </Filter>
    <Filter Include="Source\Editor\Config">
      <UniqueIdentifier>{cc3097f3-e38c-421c-9b36-4e38ffa602b8}</UniqueIdentifier>
    </Filter>
    <Filter Include="Source\Editor\include">
      <UniqueIdentifier>{e1f9c9d0-24f3-4876-8599-365f0da61046}</UniqueIdentifier>
    </Filter>
    <Filter Include="Source\Editor\System">
      <UniqueIdentifier>{7a1ff7d8-6473-4cb8-aadf-b6e9fa836586}</UniqueIdentifier>
    </Filter>
    <Filter Include="Source\Editor\UI">
      <UniqueIdentifier>{33b0ec72-70b1-4f13-8a62-429334626fc9}</UniqueIdentifier>
    </Filter>
    <Filter Include="Source\Editor\Utils">
      <UniqueIdentifier>{4340f697-c35b-4695-a42f-134f4d98a479}</UniqueIdentifier>
    </Filter>
    <Filter Include="Source\Editor\Interface">
      <UniqueIdentifier>{38a533f0-688a-488a-8bf3-2bd8f7fd6ede}</UniqueIdentifier>
    </Filter>
    <Filter Include="Source\Game\Actors">
      <UniqueIdentifier>{854759f4-c49b-4f65-a821-b5816e102604}</UniqueIdentifier>
    </Filter>
    <Filter Include="Source\Editor\OpenGL">
      <UniqueIdentifier>{c4729bf5-bbbb-4c92-85e3-43e1c4a6f55d}</UniqueIdentifier>
    </Filter>
    <Filter Include="Source\libs">
      <UniqueIdentifier>{75cfd2d3-e733-46b5-a8c3-04affd4f257d}</UniqueIdentifier>
    </Filter>
  </ItemGroup>
  <ItemGroup>
    <ClCompile Include="..\Source\Game\Game.cpp">
      <Filter>Source\Game</Filter>
    </ClCompile>
    <ClCompile Include="..\Source\Game\Input\GameInput.cpp">
      <Filter>Source\Game\Input</Filter>
    </ClCompile>
    <ClCompile Include="..\Source\Game\Input\AnimationInput.cpp">
      <Filter>Source\Game\Input</Filter>
    </ClCompile>
    <ClCompile Include="..\Source\Kinect\KinectSensor.cpp">
      <Filter>Source\Kinect</Filter>
    </ClCompile>
    <ClCompile Include="..\Source\Kinect\SkeletalTracking.cpp">
      <Filter>Source\Kinect</Filter>
    </ClCompile>
    <ClCompile Include="..\Source\SkeletalSystem\SkeletalSystem.cpp">
      <Filter>Source\SkeletalSystem</Filter>
    </ClCompile>
    <ClCompile Include="..\Source\Physics\PhysXManager.cpp">
      <Filter>Source\Physics</Filter>
    </ClCompile>
    <ClCompile Include="..\Source\Physics\PhysXRagdoll.cpp">
      <Filter>Source\Physics</Filter>
    </ClCompile>
    <ClCompile Include="..\Source\Game\Input\SimpleObjectControl.cpp">
      <Filter>Source\Game\Input</Filter>
    </ClCompile>
    <ClCompile Include="..\Source\Kinect\Smoothing\ExponentialJoint.cpp">
      <Filter>Source\Kinect\Smoothing</Filter>
    </ClCompile>
    <ClCompile Include="..\Source\Kinect\Smoothing\ExponentialSmoothing.cpp">
      <Filter>Source\Kinect\Smoothing</Filter>
    </ClCompile>
    <ClCompile Include="..\Source\Kinect\Smoothing\ExponentialRotation.cpp">
      <Filter>Source\Kinect\Smoothing</Filter>
    </ClCompile>
    <ClCompile Include="..\Source\SkeletalSystem\Transform\JointTransform.cpp">
      <Filter>Source\SkeletalSystem\Transform</Filter>
    </ClCompile>
    <ClCompile Include="..\Source\Kinect\Depth\KinectParticle.cpp">
      <Filter>Source\Kinect\Depth</Filter>
    </ClCompile>
    <ClCompile Include="..\Source\Kinect\KinectStreaming.cpp">
      <Filter>Source\Kinect</Filter>
    </ClCompile>
    <ClCompile Include="..\Source\Kinect\Depth\KinectPointCloud.cpp">
      <Filter>Source\Kinect\Depth</Filter>
    </ClCompile>
    <ClCompile Include="..\Source\PCH\pch.cpp">
      <Filter>Source\PCH</Filter>
    </ClCompile>
    <ClCompile Include="..\Source\Editor\EditorMain.cpp">
      <Filter>Source\Editor</Filter>
    </ClCompile>
    <ClCompile Include="..\Source\Editor\Windows\General\AboutWindow.cpp">
      <Filter>Source\Editor\Windows\General</Filter>
    </ClCompile>
    <ClCompile Include="..\Source\Editor\Windows\Interface\CustomWidget.cpp">
      <Filter>Source\Editor\Windows\Interface</Filter>
    </ClCompile>
    <ClCompile Include="..\Source\Editor\Windows\Interface\DockWindow.cpp">
      <Filter>Source\Editor\Windows\Interface</Filter>
    </ClCompile>
    <ClCompile Include="..\Source\Editor\Windows\Interface\EditorList.cpp">
      <Filter>Source\Editor\Windows\Interface</Filter>
    </ClCompile>
    <ClCompile Include="..\Source\Editor\Windows\OpenGL\OpenGLWindow.cpp">
      <Filter>Source\Editor\Windows\OpenGL</Filter>
    </ClCompile>
    <ClCompile Include="..\Source\Editor\App\CameraPropertyEditor.cpp">
      <Filter>Source\Editor\App</Filter>
    </ClCompile>
    <ClCompile Include="..\Source\Editor\Config\QtConfig.cpp">
      <Filter>Source\Editor\Config</Filter>
    </ClCompile>
    <ClCompile Include="..\Source\Editor\UI\GUI.cpp">
      <Filter>Source\Editor\UI</Filter>
    </ClCompile>
    <ClCompile Include="..\Source\Editor\UI\GUIEntity.cpp">
      <Filter>Source\Editor\UI</Filter>
    </ClCompile>
    <ClCompile Include="..\Source\Editor\System\FilePicker.cpp">
      <Filter>Source\Editor\System</Filter>
    </ClCompile>
    <ClCompile Include="..\Source\Editor\Utils\Utils.cpp">
      <Filter>Source\Editor\Utils</Filter>
    </ClCompile>
    <ClCompile Include="..\Source\Editor\App\GameWindow.cpp">
      <Filter>Source\Editor\App</Filter>
    </ClCompile>
    <ClCompile Include="..\Source\Main.cpp" />
    <ClCompile Include="..\Source\Editor\App\ObjectPropertiesWindow.cpp">
      <Filter>Source\Editor\App</Filter>
    </ClCompile>
    <ClCompile Include="..\Source\Editor\Interface\SimpleTextBox.cpp">
      <Filter>Source\Editor\Interface</Filter>
    </ClCompile>
    <ClCompile Include="..\Source\Editor\App\GeneralWindow.cpp">
      <Filter>Source\Editor\App</Filter>
    </ClCompile>
    <ClCompile Include="..\Source\Editor\App\ProfilingWindow.cpp">
      <Filter>Source\Editor\App</Filter>
    </ClCompile>
    <ClCompile Include="..\Source\SkeletalSystem\KinectAvatar.cpp">
      <Filter>Source\SkeletalSystem</Filter>
    </ClCompile>
    <ClCompile Include="..\Source\SkeletalSystem\GSkeletalJoint.cpp">
      <Filter>Source\SkeletalSystem</Filter>
    </ClCompile>
    <ClCompile Include="..\Source\Game\Actors\TriggerSphere.cpp">
      <Filter>Source\Game\Actors</Filter>
    </ClCompile>
    <ClCompile Include="..\Source\Editor\OpenGL\QtGLFW.cpp">
      <Filter>Source\Editor\OpenGL</Filter>
    </ClCompile>
    <ClCompile Include="..\Source\Editor\Interface\QtInput.cpp">
      <Filter>Source\Editor\Interface</Filter>
    </ClCompile>
    <ClCompile Include="..\Source\Editor\Interface\QtSortableInput.cpp">
      <Filter>Source\Editor\Interface</Filter>
    </ClCompile>
    <ClCompile Include="..\..\libs\pugixml\pugixml.cpp">
      <Filter>Source\libs</Filter>
    </ClCompile>
  </ItemGroup>
  <ItemGroup>
    <ClInclude Include="..\Source\Game\Game.h">
      <Filter>Source\Game</Filter>
    </ClInclude>
    <ClInclude Include="..\Source\Game\Input\GameInput.h">
      <Filter>Source\Game\Input</Filter>
    </ClInclude>
    <ClInclude Include="..\Source\Game\Input\AnimationInput.h">
      <Filter>Source\Game\Input</Filter>
    </ClInclude>
    <ClInclude Include="..\Source\Kinect\KinectSensor.h">
      <Filter>Source\Kinect</Filter>
    </ClInclude>
    <ClInclude Include="..\Source\Kinect\SkeletalTracking.h">
      <Filter>Source\Kinect</Filter>
    </ClInclude>
    <ClInclude Include="..\Source\SkeletalSystem\SkeletalSystem.h">
      <Filter>Source\SkeletalSystem</Filter>
    </ClInclude>
    <ClInclude Include="..\Source\Physics\PhysXManager.h">
      <Filter>Source\Physics</Filter>
    </ClInclude>
    <ClInclude Include="..\Source\Physics\PhysXRagdoll.h">
      <Filter>Source\Physics</Filter>
    </ClInclude>
    <ClInclude Include="..\Source\Physics\PhysX.h">
      <Filter>Source\Physics</Filter>
    </ClInclude>
    <ClInclude Include="..\Source\Kinect\KinectAPI.h">
      <Filter>Source\Kinect</Filter>
    </ClInclude>
    <ClInclude Include="..\Source\Game\Input\SimpleObjectControl.h">
      <Filter>Source\Game\Input</Filter>
    </ClInclude>
    <ClInclude Include="..\Source\Kinect\Smoothing\ExponentialJoint.h">
      <Filter>Source\Kinect\Smoothing</Filter>
    </ClInclude>
    <ClInclude Include="..\Source\Kinect\Smoothing\ExponentialSmoothing.h">
      <Filter>Source\Kinect\Smoothing</Filter>
    </ClInclude>
    <ClInclude Include="..\Source\Kinect\Smoothing\ExponentialRotation.h">
      <Filter>Source\Kinect\Smoothing</Filter>
    </ClInclude>
    <ClInclude Include="..\Source\Kinect\KinectHelper.h">
      <Filter>Source\Kinect</Filter>
    </ClInclude>
    <ClInclude Include="..\Source\SkeletalSystem\Transform\JointTransform.h">
      <Filter>Source\SkeletalSystem\Transform</Filter>
    </ClInclude>
    <ClInclude Include="..\Source\Kinect\Depth\KinectParticle.h">
      <Filter>Source\Kinect\Depth</Filter>
    </ClInclude>
    <ClInclude Include="..\Source\Kinect\KinectStreaming.h">
      <Filter>Source\Kinect</Filter>
    </ClInclude>
    <ClInclude Include="..\Source\Kinect\Depth\KinectPointCloud.h">
      <Filter>Source\Kinect\Depth</Filter>
    </ClInclude>
    <ClInclude Include="..\Source\PCH\pch.h">
      <Filter>Source\PCH</Filter>
    </ClInclude>
    <ClInclude Include="..\Source\Editor\EditorMain.h">
      <Filter>Source\Editor</Filter>
    </ClInclude>
    <ClInclude Include="..\Source\Editor\Windows\General\AboutWindow.h">
      <Filter>Source\Editor\Windows\General</Filter>
    </ClInclude>
    <ClInclude Include="..\Source\Editor\Windows\Interface\CustomWidget.h">
      <Filter>Source\Editor\Windows\Interface</Filter>
    </ClInclude>
    <ClInclude Include="..\Source\Editor\Windows\Interface\DockWindow.h">
      <Filter>Source\Editor\Windows\Interface</Filter>
    </ClInclude>
    <ClInclude Include="..\Source\Editor\Windows\Interface\EditorList.h">
      <Filter>Source\Editor\Windows\Interface</Filter>
    </ClInclude>
    <ClInclude Include="..\Source\Editor\Windows\Interface\GenericList.h">
      <Filter>Source\Editor\Windows\Interface</Filter>
    </ClInclude>
    <ClInclude Include="..\Source\Editor\Windows\OpenGL\OpenGLWindow.h">
      <Filter>Source\Editor\Windows\OpenGL</Filter>
    </ClInclude>
    <ClInclude Include="..\Source\Editor\App\CameraPropertyEditor.h">
      <Filter>Source\Editor\App</Filter>
    </ClInclude>
    <ClInclude Include="..\Source\Editor\Config\QtConfig.h">
      <Filter>Source\Editor\Config</Filter>
    </ClInclude>
    <ClInclude Include="..\Source\Editor\include\Editor.h">
      <Filter>Source\Editor\include</Filter>
    </ClInclude>
    <ClInclude Include="..\Source\Editor\include\QTForward.h">
      <Filter>Source\Editor\include</Filter>
    </ClInclude>
    <ClInclude Include="..\Source\Editor\UI\GUI.h">
      <Filter>Source\Editor\UI</Filter>
    </ClInclude>
    <ClInclude Include="..\Source\Editor\UI\GUIEntity.h">
      <Filter>Source\Editor\UI</Filter>
    </ClInclude>
    <ClInclude Include="..\Source\Editor\System\FilePicker.h">
      <Filter>Source\Editor\System</Filter>
    </ClInclude>
    <ClInclude Include="..\Source\Editor\Utils\Utils.h">
      <Filter>Source\Editor\Utils</Filter>
    </ClInclude>
    <ClInclude Include="..\Source\Editor\App\GameWindow.h">
      <Filter>Source\Editor\App</Filter>
    </ClInclude>
    <ClInclude Include="..\Source\Editor\App\ObjectPropertiesWindow.h">
      <Filter>Source\Editor\App</Filter>
    </ClInclude>
    <ClInclude Include="..\Source\Editor\Interface\SimpleTextBox.h">
      <Filter>Source\Editor\Interface</Filter>
    </ClInclude>
    <ClInclude Include="..\Source\Editor\App\GeneralWindow.h">
      <Filter>Source\Editor\App</Filter>
    </ClInclude>
    <ClInclude Include="..\Source\Editor\App\ProfilingWindow.h">
      <Filter>Source\Editor\App</Filter>
    </ClInclude>
    <ClInclude Include="..\Source\SkeletalSystem\KinectAvatar.h">
      <Filter>Source\SkeletalSystem</Filter>
    </ClInclude>
    <ClInclude Include="..\Source\SkeletalSystem\GSkeletalJoint.h">
      <Filter>Source\SkeletalSystem</Filter>
    </ClInclude>
    <ClInclude Include="..\Source\Game\Actors\TriggerSphere.h">
      <Filter>Source\Game\Actors</Filter>
    </ClInclude>
    <ClInclude Include="..\Source\Editor\OpenGL\QtGLFW.h">
      <Filter>Source\Editor\OpenGL</Filter>
    </ClInclude>
    <ClInclude Include="..\Source\Editor\Interface\QtSortableInput.h">
      <Filter>Source\Editor\Interface</Filter>
    </ClInclude>
    <ClInclude Include="..\Source\Editor\Interface\QtInput.h">
      <Filter>Source\Editor\Interface</Filter>
    </ClInclude>
    <ClInclude Include="..\Source\Editor\Interface\QtListTemplates.h">
      <Filter>Source\Editor\Interface</Filter>
    </ClInclude>
    <ClInclude Include="..\..\libs\pugixml\pugiconfig.hpp">
      <Filter>Source\libs</Filter>
    </ClInclude>
    <ClInclude Include="..\..\libs\pugixml\pugixml.hpp">
      <Filter>Source\libs</Filter>
    </ClInclude>
  </ItemGroup>
</Project>