<?xml version="1.0" encoding="utf-8"?>
<Project ToolsVersion="14.0" xmlns="http://schemas.microsoft.com/developer/msbuild/2003">
  <ItemGroup>
    <Filter Include="Source">
      <UniqueIdentifier>{4FC737F1-C7A5-4376-A066-2A32D752A2FF}</UniqueIdentifier>
      <Extensions>cpp;c;cc;cxx;def;odl;idl;hpj;bat;asm;asmx</Extensions>
    </Filter>
    <Filter Include="Source\Kinect">
      <UniqueIdentifier>{6877b21f-8505-4b00-b33c-d9137ad6d631}</UniqueIdentifier>
    </Filter>
    <Filter Include="Source\Kinect\Smoothing">
      <UniqueIdentifier>{81aa03f1-9bda-47e9-8512-897c4d20a31f}</UniqueIdentifier>
    </Filter>
    <Filter Include="Source\Kinect\Depth">
      <UniqueIdentifier>{c500cbd4-2529-420e-8554-af8cd4d7c129}</UniqueIdentifier>
    </Filter>
    <Filter Include="Source\SkeletalSystem">
      <UniqueIdentifier>{fce5f147-9200-4088-863a-16ff15e28cab}</UniqueIdentifier>
    </Filter>
    <Filter Include="Source\SkeletalSystem\Transform">
      <UniqueIdentifier>{791e0562-474e-48c1-b5e9-3cf328c0be92}</UniqueIdentifier>
    </Filter>
    <Filter Include="Source\Physics">
      <UniqueIdentifier>{6c3d60a3-ad03-4c62-92a3-cf0faad6e18c}</UniqueIdentifier>
    </Filter>
    <Filter Include="Source\Game">
      <UniqueIdentifier>{65c245a7-8829-494c-ba18-2ebb204bf9d3}</UniqueIdentifier>
    </Filter>
    <Filter Include="Source\Game\Input">
      <UniqueIdentifier>{9fd1a469-2f54-4413-8aca-a86a0cd3bc76}</UniqueIdentifier>
    </Filter>
    <Filter Include="Source\PCH">
      <UniqueIdentifier>{043c9f80-6277-442d-bc84-79d8d4d5dac9}</UniqueIdentifier>
    </Filter>
    <Filter Include="Source\Editor">
      <UniqueIdentifier>{f5a1ca41-7969-403a-a549-196a610b72e0}</UniqueIdentifier>
    </Filter>
    <Filter Include="Source\Editor\Windows">
      <UniqueIdentifier>{baeeed2f-0d40-4a8a-b601-480d5a3c6db6}</UniqueIdentifier>
    </Filter>
    <Filter Include="Source\Editor\Windows\General">
      <UniqueIdentifier>{a5b3f224-5c84-45aa-8b50-8368b078c4bb}</UniqueIdentifier>
    </Filter>
    <Filter Include="Source\Editor\Windows\Interface">
      <UniqueIdentifier>{f6154a05-2943-402d-9811-5b156b658a4e}</UniqueIdentifier>
    </Filter>
    <Filter Include="Source\Editor\Windows\OpenGL">
      <UniqueIdentifier>{7c1f593b-acf9-4336-a166-82d17c3e5fc0}</UniqueIdentifier>
    </Filter>
    <Filter Include="Source\Editor\App">
      <UniqueIdentifier>{4524f18e-7cd9-4278-ae2b-11f979a4b098}</UniqueIdentifier>
    </Filter>
    <Filter Include="Source\Editor\Config">
      <UniqueIdentifier>{cc3097f3-e38c-421c-9b36-4e38ffa602b8}</UniqueIdentifier>
    </Filter>
    <Filter Include="Source\Editor\include">
      <UniqueIdentifier>{e1f9c9d0-24f3-4876-8599-365f0da61046}</UniqueIdentifier>
    </Filter>
    <Filter Include="Source\Editor\System">
      <UniqueIdentifier>{7a1ff7d8-6473-4cb8-aadf-b6e9fa836586}</UniqueIdentifier>
    </Filter>
    <Filter Include="Source\Editor\UI">
      <UniqueIdentifier>{33b0ec72-70b1-4f13-8a62-429334626fc9}</UniqueIdentifier>
    </Filter>
    <Filter Include="Source\Editor\Utils">
      <UniqueIdentifier>{4340f697-c35b-4695-a42f-134f4d98a479}</UniqueIdentifier>
    </Filter>
    <Filter Include="Source\Editor\Interface">
      <UniqueIdentifier>{38a533f0-688a-488a-8bf3-2bd8f7fd6ede}</UniqueIdentifier>
    </Filter>
    <Filter Include="Source\Game\Actors">
      <UniqueIdentifier>{854759f4-c49b-4f65-a821-b5816e102604}</UniqueIdentifier>
    </Filter>
    <Filter Include="Source\Editor\OpenGL">
      <UniqueIdentifier>{c4729bf5-bbbb-4c92-85e3-43e1c4a6f55d}</UniqueIdentifier>
    </Filter>
    <Filter Include="Source\LeapMotion">
      <UniqueIdentifier>{52d71eb1-c4a5-4cad-ba70-5ab2e5d1b9f5}</UniqueIdentifier>
    </Filter>
    <Filter Include="libs">
      <UniqueIdentifier>{75cfd2d3-e733-46b5-a8c3-04affd4f257d}</UniqueIdentifier>
    </Filter>
    <Filter Include="libs\pugixml">
      <UniqueIdentifier>{8346052b-9918-404e-aa2c-682dc55328ea}</UniqueIdentifier>
    </Filter>
    <Filter Include="Source\OculusRift">
      <UniqueIdentifier>{3f119035-9134-41ef-8e29-a031f87eac75}</UniqueIdentifier>
    </Filter>
    <Filter Include="Source\Editor\Windows\Module">
      <UniqueIdentifier>{89bd288b-55a5-42a2-a74e-a2aa1a46e1d7}</UniqueIdentifier>
    </Filter>
    <Filter Include="Source\Modules">
      <UniqueIdentifier>{efafa6ea-aa04-492c-828b-0a1f008db33b}</UniqueIdentifier>
    </Filter>
    <Filter Include="Source\Controller">
      <UniqueIdentifier>{fdaa21e0-0c8f-4a2f-adfe-c3e84f9c9fe0}</UniqueIdentifier>
    </Filter>
    <Filter Include="Source\Runtime">
      <UniqueIdentifier>{f2eed822-b1bb-44d4-95b8-a066d7f9c3d7}</UniqueIdentifier>
    </Filter>
    <Filter Include="Source\Runtime\Modules">
      <UniqueIdentifier>{7be98f6b-b284-4ff5-92cb-f3d7080afbb4}</UniqueIdentifier>
    </Filter>
    <Filter Include="Source\Runtime\Threading">
      <UniqueIdentifier>{a869ba9b-b59e-45e2-a839-dcbc85cf0836}</UniqueIdentifier>
    </Filter>
    <Filter Include="Source\Prototyping">
      <UniqueIdentifier>{07d8c5d7-da60-45a8-9e8d-7ab0e540e024}</UniqueIdentifier>
    </Filter>
    <Filter Include="Source\Prototyping\RotationConstraints">
      <UniqueIdentifier>{8c297ee0-5a39-4500-b19d-a9e239d27886}</UniqueIdentifier>
    </Filter>
    <Filter Include="Source\LeapMotion\ControlPanel">
      <UniqueIdentifier>{7d3f0168-e531-41f6-9547-f97711565e17}</UniqueIdentifier>
    </Filter>
    <Filter Include="Source\Kinect\GUI">
      <UniqueIdentifier>{2631e9dc-eb08-43d9-a15c-6defa1a571ea}</UniqueIdentifier>
    </Filter>
    <Filter Include="Source\LeapMotion\GUI">
      <UniqueIdentifier>{4e5091ac-5ef7-4732-afd5-1f6eef18141d}</UniqueIdentifier>
    </Filter>
    <Filter Include="Source\MotionSystem">
      <UniqueIdentifier>{9cac9eff-15ca-4c61-b691-b4f7ab5d3fd1}</UniqueIdentifier>
    </Filter>
    <Filter Include="Source\MotionSystem\GUI">
      <UniqueIdentifier>{6b76ce54-f03c-4757-973d-d69804c58a4f}</UniqueIdentifier>
    </Filter>
    <Filter Include="Source\LeapMotion\ControlPanel\Scripting">
      <UniqueIdentifier>{8864348a-b0d9-4b11-8d9b-61fa65f09b88}</UniqueIdentifier>
    </Filter>
    <Filter Include="Source\LeapMotion\ControlPanel\GUI">
      <UniqueIdentifier>{c6987adc-9e0f-4c83-86ac-5226b4c91f9a}</UniqueIdentifier>
    </Filter>
    <Filter Include="Source\GUI">
      <UniqueIdentifier>{828f184b-dd9b-4378-a61b-7f791f728eda}</UniqueIdentifier>
    </Filter>
    <Filter Include="Source\GUI\Channels">
      <UniqueIdentifier>{44ddd877-6675-4d29-b3e7-38c37aa4bb7f}</UniqueIdentifier>
    </Filter>
  </ItemGroup>
  <ItemGroup>
    <ClCompile Include="..\Source\Game\Game.cpp">
      <Filter>Source\Game</Filter>
    </ClCompile>
    <ClCompile Include="..\Source\Game\Input\AnimationInput.cpp">
      <Filter>Source\Game\Input</Filter>
    </ClCompile>
    <ClCompile Include="..\Source\Kinect\KinectSensor.cpp">
      <Filter>Source\Kinect</Filter>
    </ClCompile>
    <ClCompile Include="..\Source\SkeletalSystem\SkeletalSystem.cpp">
      <Filter>Source\SkeletalSystem</Filter>
    </ClCompile>
    <ClCompile Include="..\Source\Game\Input\SimpleObjectControl.cpp">
      <Filter>Source\Game\Input</Filter>
    </ClCompile>
    <ClCompile Include="..\Source\Kinect\Smoothing\ExponentialJoint.cpp">
      <Filter>Source\Kinect\Smoothing</Filter>
    </ClCompile>
    <ClCompile Include="..\Source\Kinect\Smoothing\ExponentialSmoothing.cpp">
      <Filter>Source\Kinect\Smoothing</Filter>
    </ClCompile>
    <ClCompile Include="..\Source\Kinect\Smoothing\ExponentialRotation.cpp">
      <Filter>Source\Kinect\Smoothing</Filter>
    </ClCompile>
    <ClCompile Include="..\Source\SkeletalSystem\Transform\JointTransform.cpp">
      <Filter>Source\SkeletalSystem\Transform</Filter>
    </ClCompile>
    <ClCompile Include="..\Source\Kinect\Depth\KinectParticle.cpp">
      <Filter>Source\Kinect\Depth</Filter>
    </ClCompile>
    <ClCompile Include="..\Source\Kinect\KinectStreaming.cpp">
      <Filter>Source\Kinect</Filter>
    </ClCompile>
    <ClCompile Include="..\Source\Kinect\Depth\KinectPointCloud.cpp">
      <Filter>Source\Kinect\Depth</Filter>
    </ClCompile>
    <ClCompile Include="..\Source\PCH\pch.cpp">
      <Filter>Source\PCH</Filter>
    </ClCompile>
    <ClCompile Include="..\Source\Editor\EditorMain.cpp">
      <Filter>Source\Editor</Filter>
    </ClCompile>
    <ClCompile Include="..\Source\Editor\Windows\General\AboutWindow.cpp">
      <Filter>Source\Editor\Windows\General</Filter>
    </ClCompile>
    <ClCompile Include="..\Source\Editor\Windows\Interface\CustomWidget.cpp">
      <Filter>Source\Editor\Windows\Interface</Filter>
    </ClCompile>
    <ClCompile Include="..\Source\Editor\Windows\Interface\DockWindow.cpp">
      <Filter>Source\Editor\Windows\Interface</Filter>
    </ClCompile>
    <ClCompile Include="..\Source\Editor\Windows\Interface\EditorList.cpp">
      <Filter>Source\Editor\Windows\Interface</Filter>
    </ClCompile>
    <ClCompile Include="..\Source\Editor\Windows\OpenGL\OpenGLWindow.cpp">
      <Filter>Source\Editor\Windows\OpenGL</Filter>
    </ClCompile>
    <ClCompile Include="..\Source\Editor\App\CameraPropertyEditor.cpp">
      <Filter>Source\Editor\App</Filter>
    </ClCompile>
    <ClCompile Include="..\Source\Editor\Config\QtConfig.cpp">
      <Filter>Source\Editor\Config</Filter>
    </ClCompile>
    <ClCompile Include="..\Source\Editor\UI\GUIEntity.cpp">
      <Filter>Source\Editor\UI</Filter>
    </ClCompile>
    <ClCompile Include="..\Source\Editor\System\FilePicker.cpp">
      <Filter>Source\Editor\System</Filter>
    </ClCompile>
    <ClCompile Include="..\Source\Editor\Utils\Utils.cpp">
      <Filter>Source\Editor\Utils</Filter>
    </ClCompile>
    <ClCompile Include="..\Source\Editor\App\GameWindow.cpp">
      <Filter>Source\Editor\App</Filter>
    </ClCompile>
    <ClCompile Include="..\Source\Main.cpp" />
    <ClCompile Include="..\Source\Editor\App\ObjectPropertiesWindow.cpp">
      <Filter>Source\Editor\App</Filter>
    </ClCompile>
    <ClCompile Include="..\Source\Editor\App\GeneralWindow.cpp">
      <Filter>Source\Editor\App</Filter>
    </ClCompile>
    <ClCompile Include="..\Source\Editor\App\ProfilingWindow.cpp">
      <Filter>Source\Editor\App</Filter>
    </ClCompile>
    <ClCompile Include="..\Source\SkeletalSystem\KinectAvatar.cpp">
      <Filter>Source\SkeletalSystem</Filter>
    </ClCompile>
    <ClCompile Include="..\Source\SkeletalSystem\GSkeletalJoint.cpp">
      <Filter>Source\SkeletalSystem</Filter>
    </ClCompile>
    <ClCompile Include="..\Source\Game\Actors\TriggerSphere.cpp">
      <Filter>Source\Game\Actors</Filter>
    </ClCompile>
    <ClCompile Include="..\Source\Editor\OpenGL\QtGLFW.cpp">
      <Filter>Source\Editor\OpenGL</Filter>
    </ClCompile>
    <ClCompile Include="..\Source\SkeletalSystem\AnimationSystem.cpp">
      <Filter>Source\SkeletalSystem</Filter>
    </ClCompile>
    <ClCompile Include="..\Source\Editor\Interface\QtSimpleWidgets.cpp">
      <Filter>Source\Editor\Interface</Filter>
    </ClCompile>
    <ClCompile Include="..\Source\Editor\Interface\QtSortableInput.cpp">
      <Filter>Source\Editor\Interface</Filter>
    </ClCompile>
    <ClCompile Include="..\Source\LeapMotion\LeapSensor.cpp">
      <Filter>Source\LeapMotion</Filter>
    </ClCompile>
    <ClCompile Include="..\Source\SkeletalSystem\AnimationSerializer.cpp">
      <Filter>Source\SkeletalSystem</Filter>
    </ClCompile>
    <ClCompile Include="..\..\libs\pugixml\pugixml.cpp">
      <Filter>libs\pugixml</Filter>
    </ClCompile>
    <ClCompile Include="..\Source\OculusRift\OculusRiftHMD.cpp">
      <Filter>Source\OculusRift</Filter>
    </ClCompile>
    <ClCompile Include="..\Source\Controller\Controller.cpp">
      <Filter>Source\Controller</Filter>
    </ClCompile>
    <ClCompile Include="..\Source\Runtime\Modules\RuntimeGLModule.cpp">
      <Filter>Source\Runtime\Modules</Filter>
    </ClCompile>
    <ClCompile Include="..\Source\Runtime\Modules\RuntimeModule.cpp">
      <Filter>Source\Runtime\Modules</Filter>
    </ClCompile>
    <ClCompile Include="..\Source\Runtime\Threading\TaskRunner.cpp">
      <Filter>Source\Runtime\Threading</Filter>
    </ClCompile>
    <ClCompile Include="..\Source\Kinect\KinectSkeletalTracking.cpp">
      <Filter>Source\Kinect</Filter>
    </ClCompile>
    <ClCompile Include="..\Source\LeapMotion\LeapTracking.cpp">
      <Filter>Source\LeapMotion</Filter>
    </ClCompile>
    <ClCompile Include="..\Source\Prototyping\RotationConstraints\RotationConstraints.cpp">
      <Filter>Source\Prototyping\RotationConstraints</Filter>
    </ClCompile>
    <ClCompile Include="..\Source\LeapMotion\ControlPanel\LeapControlPanel.cpp">
      <Filter>Source\LeapMotion\ControlPanel</Filter>
    </ClCompile>
    <ClCompile Include="..\Source\LeapMotion\ControlPanel\ControlPanelButton.cpp">
      <Filter>Source\LeapMotion\ControlPanel</Filter>
    </ClCompile>
    <ClCompile Include="..\Source\LeapMotion\ControlPanel\DistanceTrigger.cpp">
      <Filter>Source\LeapMotion\ControlPanel</Filter>
    </ClCompile>
    <ClCompile Include="..\Source\Kinect\GUI\KinectSensorWindow.cpp">
      <Filter>Source\Kinect\GUI</Filter>
    </ClCompile>
    <ClCompile Include="..\Source\Kinect\KinectSensorConfig.cpp">
      <Filter>Source\Kinect</Filter>
    </ClCompile>
    <ClCompile Include="..\Source\LeapMotion\GUI\LeapSensorWindow.cpp">
      <Filter>Source\LeapMotion\GUI</Filter>
    </ClCompile>
    <ClCompile Include="..\Source\Editor\App\SceneHierarchyWindow.cpp">
      <Filter>Source\Editor\App</Filter>
    </ClCompile>
    <ClCompile Include="..\Source\MotionSystem\MotionSystem.cpp">
      <Filter>Source\MotionSystem</Filter>
    </ClCompile>
    <ClCompile Include="..\Source\MotionSystem\MotionSystemConfig.cpp">
      <Filter>Source\MotionSystem</Filter>
    </ClCompile>
    <ClCompile Include="..\Source\MotionSystem\GUI\MotionSystemWindow.cpp">
      <Filter>Source\MotionSystem\GUI</Filter>
    </ClCompile>
    <ClCompile Include="..\Source\LeapMotion\ControlPanel\Scripting\LeapTriggerTracking.cpp">
      <Filter>Source\LeapMotion\ControlPanel\Scripting</Filter>
    </ClCompile>
    <ClCompile Include="..\Source\LeapMotion\ControlPanel\GUI\LeapControlWindow.cpp">
      <Filter>Source\LeapMotion\ControlPanel\GUI</Filter>
    </ClCompile>
    <ClCompile Include="..\Source\LeapMotion\LeapSensorConfig.cpp">
      <Filter>Source\LeapMotion</Filter>
    </ClCompile>
    <ClCompile Include="..\Source\LeapMotion\ControlPanel\LeapControlConfig.cpp">
      <Filter>Source\LeapMotion\ControlPanel</Filter>
    </ClCompile>
    <ClCompile Include="..\Source\GUI\GUI.cpp">
      <Filter>Source\GUI</Filter>
    </ClCompile>
    <ClCompile Include="..\Source\Editor\UI\DockWindowManager.cpp">
      <Filter>Source\Editor\UI</Filter>
    </ClCompile>
    <ClCompile Include="..\Source\GUI\Channels\ObjectPropertiesUIChannel.cpp">
      <Filter>Source\GUI\Channels</Filter>
    </ClCompile>
  </ItemGroup>
  <ItemGroup>
    <ClInclude Include="..\Source\Game\Game.h">
      <Filter>Source\Game</Filter>
    </ClInclude>
    <ClInclude Include="..\Source\Game\Input\AnimationInput.h">
      <Filter>Source\Game\Input</Filter>
    </ClInclude>
    <ClInclude Include="..\Source\Kinect\KinectSensor.h">
      <Filter>Source\Kinect</Filter>
    </ClInclude>
    <ClInclude Include="..\Source\SkeletalSystem\SkeletalSystem.h">
      <Filter>Source\SkeletalSystem</Filter>
    </ClInclude>
    <ClInclude Include="..\Source\Kinect\KinectAPI.h">
      <Filter>Source\Kinect</Filter>
    </ClInclude>
    <ClInclude Include="..\Source\Game\Input\SimpleObjectControl.h">
      <Filter>Source\Game\Input</Filter>
    </ClInclude>
    <ClInclude Include="..\Source\Kinect\Smoothing\ExponentialJoint.h">
      <Filter>Source\Kinect\Smoothing</Filter>
    </ClInclude>
    <ClInclude Include="..\Source\Kinect\Smoothing\ExponentialSmoothing.h">
      <Filter>Source\Kinect\Smoothing</Filter>
    </ClInclude>
    <ClInclude Include="..\Source\Kinect\Smoothing\ExponentialRotation.h">
      <Filter>Source\Kinect\Smoothing</Filter>
    </ClInclude>
    <ClInclude Include="..\Source\Kinect\KinectHelper.h">
      <Filter>Source\Kinect</Filter>
    </ClInclude>
    <ClInclude Include="..\Source\SkeletalSystem\Transform\JointTransform.h">
      <Filter>Source\SkeletalSystem\Transform</Filter>
    </ClInclude>
    <ClInclude Include="..\Source\Kinect\Depth\KinectParticle.h">
      <Filter>Source\Kinect\Depth</Filter>
    </ClInclude>
    <ClInclude Include="..\Source\Kinect\KinectStreaming.h">
      <Filter>Source\Kinect</Filter>
    </ClInclude>
    <ClInclude Include="..\Source\Kinect\Depth\KinectPointCloud.h">
      <Filter>Source\Kinect\Depth</Filter>
    </ClInclude>
    <ClInclude Include="..\Source\PCH\pch.h">
      <Filter>Source\PCH</Filter>
    </ClInclude>
    <ClInclude Include="..\Source\Editor\EditorMain.h">
      <Filter>Source\Editor</Filter>
    </ClInclude>
    <ClInclude Include="..\Source\Editor\Windows\General\AboutWindow.h">
      <Filter>Source\Editor\Windows\General</Filter>
    </ClInclude>
    <ClInclude Include="..\Source\Editor\Windows\Interface\CustomWidget.h">
      <Filter>Source\Editor\Windows\Interface</Filter>
    </ClInclude>
    <ClInclude Include="..\Source\Editor\Windows\Interface\DockWindow.h">
      <Filter>Source\Editor\Windows\Interface</Filter>
    </ClInclude>
    <ClInclude Include="..\Source\Editor\Windows\Interface\EditorList.h">
      <Filter>Source\Editor\Windows\Interface</Filter>
    </ClInclude>
    <ClInclude Include="..\Source\Editor\Windows\Interface\GenericList.h">
      <Filter>Source\Editor\Windows\Interface</Filter>
    </ClInclude>
    <ClInclude Include="..\Source\Editor\Windows\OpenGL\OpenGLWindow.h">
      <Filter>Source\Editor\Windows\OpenGL</Filter>
    </ClInclude>
    <ClInclude Include="..\Source\Editor\App\CameraPropertyEditor.h">
      <Filter>Source\Editor\App</Filter>
    </ClInclude>
    <ClInclude Include="..\Source\Editor\Config\QtConfig.h">
      <Filter>Source\Editor\Config</Filter>
    </ClInclude>
    <ClInclude Include="..\Source\Editor\include\Editor.h">
      <Filter>Source\Editor\include</Filter>
    </ClInclude>
    <ClInclude Include="..\Source\Editor\include\QTForward.h">
      <Filter>Source\Editor\include</Filter>
    </ClInclude>
    <ClInclude Include="..\Source\Editor\UI\GUIEntity.h">
      <Filter>Source\Editor\UI</Filter>
    </ClInclude>
    <ClInclude Include="..\Source\Editor\System\FilePicker.h">
      <Filter>Source\Editor\System</Filter>
    </ClInclude>
    <ClInclude Include="..\Source\Editor\Utils\Utils.h">
      <Filter>Source\Editor\Utils</Filter>
    </ClInclude>
    <ClInclude Include="..\Source\Editor\App\GameWindow.h">
      <Filter>Source\Editor\App</Filter>
    </ClInclude>
    <ClInclude Include="..\Source\Editor\App\ObjectPropertiesWindow.h">
      <Filter>Source\Editor\App</Filter>
    </ClInclude>
    <ClInclude Include="..\Source\Editor\App\GeneralWindow.h">
      <Filter>Source\Editor\App</Filter>
    </ClInclude>
    <ClInclude Include="..\Source\Editor\App\ProfilingWindow.h">
      <Filter>Source\Editor\App</Filter>
    </ClInclude>
    <ClInclude Include="..\Source\SkeletalSystem\KinectAvatar.h">
      <Filter>Source\SkeletalSystem</Filter>
    </ClInclude>
    <ClInclude Include="..\Source\SkeletalSystem\GSkeletalJoint.h">
      <Filter>Source\SkeletalSystem</Filter>
    </ClInclude>
    <ClInclude Include="..\Source\Game\Actors\TriggerSphere.h">
      <Filter>Source\Game\Actors</Filter>
    </ClInclude>
    <ClInclude Include="..\Source\Editor\OpenGL\QtGLFW.h">
      <Filter>Source\Editor\OpenGL</Filter>
    </ClInclude>
    <ClInclude Include="..\Source\SkeletalSystem\AnimationSystem.h">
      <Filter>Source\SkeletalSystem</Filter>
    </ClInclude>
    <ClInclude Include="..\Source\Editor\Interface\QtInput.h">
      <Filter>Source\Editor\Interface</Filter>
    </ClInclude>
    <ClInclude Include="..\Source\Editor\Interface\QtSimpleWidgets.h">
      <Filter>Source\Editor\Interface</Filter>
    </ClInclude>
    <ClInclude Include="..\Source\Editor\Interface\QtSortableInput.h">
      <Filter>Source\Editor\Interface</Filter>
    </ClInclude>
    <ClInclude Include="..\Source\LeapMotion\LeapSensor.h">
      <Filter>Source\LeapMotion</Filter>
    </ClInclude>
    <ClInclude Include="..\Source\SkeletalSystem\AnimationSerializer.h">
      <Filter>Source\SkeletalSystem</Filter>
    </ClInclude>
    <ClInclude Include="..\..\libs\pugixml\pugiconfig.hpp">
      <Filter>libs\pugixml</Filter>
    </ClInclude>
    <ClInclude Include="..\..\libs\pugixml\pugixml.hpp">
      <Filter>libs\pugixml</Filter>
    </ClInclude>
    <ClInclude Include="..\Source\OculusRift\OculusRiftHMD.h">
      <Filter>Source\OculusRift</Filter>
    </ClInclude>
    <ClInclude Include="..\Source\Editor\Windows\Module\ModuleWindow.h">
      <Filter>Source\Editor\Windows\Module</Filter>
    </ClInclude>
    <ClInclude Include="..\Source\Modules\RegisteredModules.h">
      <Filter>Source\Modules</Filter>
    </ClInclude>
    <ClInclude Include="..\Source\Modules\RegisteredModuleUI.h">
      <Filter>Source\Modules</Filter>
    </ClInclude>
    <ClInclude Include="..\Source\Controller\ModuleWrapper.h">
      <Filter>Source\Controller</Filter>
    </ClInclude>
    <ClInclude Include="..\Source\Controller\Controller.h">
      <Filter>Source\Controller</Filter>
    </ClInclude>
    <ClInclude Include="..\Source\Runtime\Modules\RuntimeGLModule.h">
      <Filter>Source\Runtime\Modules</Filter>
    </ClInclude>
    <ClInclude Include="..\Source\Runtime\Modules\RuntimeModule.h">
      <Filter>Source\Runtime\Modules</Filter>
    </ClInclude>
    <ClInclude Include="..\Source\Runtime\Modules\RuntimeModuleTypes.h">
      <Filter>Source\Runtime\Modules</Filter>
    </ClInclude>
    <ClInclude Include="..\Source\Runtime\Threading\TaskRunner.h">
      <Filter>Source\Runtime\Threading</Filter>
    </ClInclude>
    <ClInclude Include="..\Source\Runtime\Threading\utils.h">
      <Filter>Source\Runtime\Threading</Filter>
    </ClInclude>
    <ClInclude Include="..\Source\Kinect\KinectSkeletalTracking.h">
      <Filter>Source\Kinect</Filter>
    </ClInclude>
    <ClInclude Include="..\Source\LeapMotion\LeapTracking.h">
      <Filter>Source\LeapMotion</Filter>
    </ClInclude>
    <ClInclude Include="..\Source\LeapMotion\LeapJointType.h">
      <Filter>Source\LeapMotion</Filter>
    </ClInclude>
    <ClInclude Include="..\Source\Prototyping\RotationConstraints\RotationConstraints.h">
      <Filter>Source\Prototyping\RotationConstraints</Filter>
    </ClInclude>
    <ClInclude Include="..\Source\LeapMotion\ControlPanel\LeapControlPanel.h">
      <Filter>Source\LeapMotion\ControlPanel</Filter>
    </ClInclude>
    <ClInclude Include="..\Source\LeapMotion\ControlPanel\ControlPanelButton.h">
      <Filter>Source\LeapMotion\ControlPanel</Filter>
    </ClInclude>
    <ClInclude Include="..\Source\LeapMotion\LeapMotionForward.h">
      <Filter>Source\LeapMotion</Filter>
    </ClInclude>
    <ClInclude Include="..\Source\LeapMotion\ControlPanel\DistanceTrigger.h">
      <Filter>Source\LeapMotion\ControlPanel</Filter>
    </ClInclude>
    <ClInclude Include="..\Source\Kinect\GUI\KinectSensorWindow.h">
      <Filter>Source\Kinect\GUI</Filter>
    </ClInclude>
    <ClInclude Include="..\Source\Kinect\KinectSensorConfig.h">
      <Filter>Source\Kinect</Filter>
    </ClInclude>
    <ClInclude Include="..\Source\LeapMotion\GUI\LeapSensorWindow.h">
      <Filter>Source\LeapMotion\GUI</Filter>
    </ClInclude>
    <ClInclude Include="..\Source\Editor\App\SceneHierarchyWindow.h">
      <Filter>Source\Editor\App</Filter>
    </ClInclude>
    <ClInclude Include="..\Source\MotionSystem\MotionSystem.h">
      <Filter>Source\MotionSystem</Filter>
    </ClInclude>
    <ClInclude Include="..\Source\MotionSystem\MotionSystemConfig.h">
      <Filter>Source\MotionSystem</Filter>
    </ClInclude>
    <ClInclude Include="..\Source\MotionSystem\GUI\MotionSystemWindow.h">
      <Filter>Source\MotionSystem\GUI</Filter>
    </ClInclude>
    <ClInclude Include="..\Source\LeapMotion\ControlPanel\Scripting\LeapTriggerTracking.h">
      <Filter>Source\LeapMotion\ControlPanel\Scripting</Filter>
    </ClInclude>
    <ClInclude Include="..\Source\LeapMotion\ControlPanel\GUI\LeapControlWindow.h">
      <Filter>Source\LeapMotion\ControlPanel\GUI</Filter>
    </ClInclude>
    <ClInclude Include="..\Source\LeapMotion\ControlPanel\LeapControlConfig.h">
      <Filter>Source\LeapMotion\ControlPanel</Filter>
    </ClInclude>
    <ClInclude Include="..\Source\LeapMotion\LeapSensorConfig.h">
      <Filter>Source\LeapMotion</Filter>
    </ClInclude>
    <ClInclude Include="..\Source\GUI\GUI.h">
      <Filter>Source\GUI</Filter>
    </ClInclude>
    <ClInclude Include="..\Source\Editor\UI\DockWindowManager.h">
      <Filter>Source\Editor\UI</Filter>
    </ClInclude>
    <ClInclude Include="..\Source\GUI\Channels\ObjectPropertiesUIChannel.h">
      <Filter>Source\GUI\Channels</Filter>
    </ClInclude>
  </ItemGroup>
</Project>