
Microsoft Visual Studio Solution File, Format Version 12.00
# Visual Studio 14
VisualStudioVersion = 14.0.22823.1
MinimumVisualStudioVersion = 10.0.40219.1
Project("{8BC9CEB8-8B4A-11D0-8D11-00A0C91BC942}") = "Game", "..\Game\Game.vcxproj", "{CE85E471-B071-4136-A98F-0960E203D114}"
EndProject
Global
	GlobalSection(SolutionConfigurationPlatforms) = preSolution
		Debug|Win32 = Debug|Win32
		Debug|x64 = Debug|x64
		Debug-Physics|Win32 = Debug-Physics|Win32
		Debug-Physics|x64 = Debug-Physics|x64
		Release|Win32 = Release|Win32
		Release|x64 = Release|x64
		Release-Physics|Win32 = Release-Physics|Win32
		Release-Physics|x64 = Release-Physics|x64
	EndGlobalSection
	GlobalSection(ProjectConfigurationPlatforms) = postSolution
		{CE85E471-B071-4136-A98F-0960E203D114}.Debug|Win32.ActiveCfg = Debug|Win32
		{CE85E471-B071-4136-A98F-0960E203D114}.Debug|Win32.Build.0 = Debug|Win32
		{CE85E471-B071-4136-A98F-0960E203D114}.Debug|x64.ActiveCfg = Debug|x64
		{CE85E471-B071-4136-A98F-0960E203D114}.Debug|x64.Build.0 = Debug|x64
		{CE85E471-B071-4136-A98F-0960E203D114}.Debug-Physics|Win32.ActiveCfg = Debug-Physics|Win32
		{CE85E471-B071-4136-A98F-0960E203D114}.Debug-Physics|Win32.Build.0 = Debug-Physics|Win32
		{CE85E471-B071-4136-A98F-0960E203D114}.Debug-Physics|x64.ActiveCfg = Debug-Physics|x64
		{CE85E471-B071-4136-A98F-0960E203D114}.Debug-Physics|x64.Build.0 = Debug-Physics|x64
		{CE85E471-B071-4136-A98F-0960E203D114}.Release|Win32.ActiveCfg = Release|Win32
		{CE85E471-B071-4136-A98F-0960E203D114}.Release|Win32.Build.0 = Release|Win32
		{CE85E471-B071-4136-A98F-0960E203D114}.Release|x64.ActiveCfg = Release|x64
		{CE85E471-B071-4136-A98F-0960E203D114}.Release|x64.Build.0 = Release|x64
		{CE85E471-B071-4136-A98F-0960E203D114}.Release-Physics|Win32.ActiveCfg = Release-Physics|Win32
		{CE85E471-B071-4136-A98F-0960E203D114}.Release-Physics|Win32.Build.0 = Release-Physics|Win32
		{CE85E471-B071-4136-A98F-0960E203D114}.Release-Physics|x64.ActiveCfg = Release-Physics|x64
		{CE85E471-B071-4136-A98F-0960E203D114}.Release-Physics|x64.Build.0 = Release-Physics|x64
	EndGlobalSection
	GlobalSection(SolutionProperties) = preSolution
		HideSolutionNode = FALSE
	EndGlobalSection
EndGlobal
